
Microsoft Visual Studio Solution File, Format Version 12.00
# Visual Studio Version 16
VisualStudioVersion = 16.0.30002.166
MinimumVisualStudioVersion = 10.0.40219.1
Project("{9A19103F-16F7-4668-BE54-9A1E7A4F7556}") = "MyBlogAPI", "MyBlog\MyBlogAPI.csproj", "{B11BBC39-664F-42B5-8333-74916B714196}"
EndProject
Project("{9A19103F-16F7-4668-BE54-9A1E7A4F7556}") = "MyBlogCore", "MyBlogCore\MyBlogCore.csproj", "{8AB05096-0774-4D1E-A0C7-D729DC530EA5}"
EndProject
Project("{FAE04EC0-301F-11D3-BF4B-00C04F79EFBC}") = "MyBlogUnitTests", "MyBlogUnitTests\MyBlogUnitTests.csproj", "{69993F61-6DC7-455E-97B2-9587324598CA}"
EndProject
Project("{FAE04EC0-301F-11D3-BF4B-00C04F79EFBC}") = "MyBlogInMemoryDB", "MyBlogInMemoryDB\MyBlogInMemoryDB.csproj", "{B44CCFE4-6968-48A8-8925-9374DCC292F0}"
EndProject
Global
	GlobalSection(SolutionConfigurationPlatforms) = preSolution
		Debug|Any CPU = Debug|Any CPU
		Release|Any CPU = Release|Any CPU
	EndGlobalSection
	GlobalSection(ProjectConfigurationPlatforms) = postSolution
		{B11BBC39-664F-42B5-8333-74916B714196}.Debug|Any CPU.ActiveCfg = Debug|Any CPU
		{B11BBC39-664F-42B5-8333-74916B714196}.Debug|Any CPU.Build.0 = Debug|Any CPU
		{B11BBC39-664F-42B5-8333-74916B714196}.Release|Any CPU.ActiveCfg = Release|Any CPU
		{B11BBC39-664F-42B5-8333-74916B714196}.Release|Any CPU.Build.0 = Release|Any CPU
		{8AB05096-0774-4D1E-A0C7-D729DC530EA5}.Debug|Any CPU.ActiveCfg = Debug|Any CPU
		{8AB05096-0774-4D1E-A0C7-D729DC530EA5}.Debug|Any CPU.Build.0 = Debug|Any CPU
		{8AB05096-0774-4D1E-A0C7-D729DC530EA5}.Release|Any CPU.ActiveCfg = Release|Any CPU
		{8AB05096-0774-4D1E-A0C7-D729DC530EA5}.Release|Any CPU.Build.0 = Release|Any CPU
		{69993F61-6DC7-455E-97B2-9587324598CA}.Debug|Any CPU.ActiveCfg = Debug|Any CPU
		{69993F61-6DC7-455E-97B2-9587324598CA}.Debug|Any CPU.Build.0 = Debug|Any CPU
		{69993F61-6DC7-455E-97B2-9587324598CA}.Release|Any CPU.ActiveCfg = Release|Any CPU
		{69993F61-6DC7-455E-97B2-9587324598CA}.Release|Any CPU.Build.0 = Release|Any CPU
		{B44CCFE4-6968-48A8-8925-9374DCC292F0}.Debug|Any CPU.ActiveCfg = Debug|Any CPU
		{B44CCFE4-6968-48A8-8925-9374DCC292F0}.Debug|Any CPU.Build.0 = Debug|Any CPU
		{B44CCFE4-6968-48A8-8925-9374DCC292F0}.Release|Any CPU.ActiveCfg = Release|Any CPU
		{B44CCFE4-6968-48A8-8925-9374DCC292F0}.Release|Any CPU.Build.0 = Release|Any CPU
	EndGlobalSection
	GlobalSection(SolutionProperties) = preSolution
		HideSolutionNode = FALSE
	EndGlobalSection
	GlobalSection(ExtensibilityGlobals) = postSolution
		SolutionGuid = {71144A5E-59CF-402A-AA38-F6E667A116CC}
	EndGlobalSection
EndGlobal
